
Microsoft Visual Studio Solution File, Format Version 12.00
# Visual Studio Version 17
VisualStudioVersion = 17.14.36414.22 d17.14
MinimumVisualStudioVersion = 10.0.40219.1
Project("{FAE04EC0-301F-11D3-BF4B-00C04F79EFBC}") = "Extract_Method_Refactoring01_Before", "Extract_Method_Refactoring01_Before\Extract_Method_Refactoring01_Before.csproj", "{9AB42E6B-AE65-43C5-B3D8-F0AA70897272}"
EndProject
Project("{FAE04EC0-301F-11D3-BF4B-00C04F79EFBC}") = "Extract_Method_Refactoring01_After", "Extract_Method_Refactoring01_After\Extract_Method_Refactoring01_After.csproj", "{090FE4E2-3C2A-45C6-8F77-56B4DB1AFC9F}"
EndProject
Global
	GlobalSection(SolutionConfigurationPlatforms) = preSolution
		Debug|Any CPU = Debug|Any CPU
		Release|Any CPU = Release|Any CPU
	EndGlobalSection
	GlobalSection(ProjectConfigurationPlatforms) = postSolution
		{9AB42E6B-AE65-43C5-B3D8-F0AA70897272}.Debug|Any CPU.ActiveCfg = Debug|Any CPU
		{9AB42E6B-AE65-43C5-B3D8-F0AA70897272}.Debug|Any CPU.Build.0 = Debug|Any CPU
		{9AB42E6B-AE65-43C5-B3D8-F0AA70897272}.Release|Any CPU.ActiveCfg = Release|Any CPU
		{9AB42E6B-AE65-43C5-B3D8-F0AA70897272}.Release|Any CPU.Build.0 = Release|Any CPU
		{090FE4E2-3C2A-45C6-8F77-56B4DB1AFC9F}.Debug|Any CPU.ActiveCfg = Debug|Any CPU
		{090FE4E2-3C2A-45C6-8F77-56B4DB1AFC9F}.Debug|Any CPU.Build.0 = Debug|Any CPU
		{090FE4E2-3C2A-45C6-8F77-56B4DB1AFC9F}.Release|Any CPU.ActiveCfg = Release|Any CPU
		{090FE4E2-3C2A-45C6-8F77-56B4DB1AFC9F}.Release|Any CPU.Build.0 = Release|Any CPU
	EndGlobalSection
	GlobalSection(SolutionProperties) = preSolution
		HideSolutionNode = FALSE
	EndGlobalSection
	GlobalSection(ExtensibilityGlobals) = postSolution
		SolutionGuid = {FB414138-5C15-45CA-82FF-8A2E9E8FEFC2}
	EndGlobalSection
EndGlobal
