
Microsoft Visual Studio Solution File, Format Version 12.00
# Visual Studio Version 17
VisualStudioVersion = 17.14.36414.22 d17.14
MinimumVisualStudioVersion = 10.0.40219.1
Project("{FAE04EC0-301F-11D3-BF4B-00C04F79EFBC}") = "Inline Class_Refactoring13_Before", "Inline Class_Refactoring13_Before\Inline Class_Refactoring13_Before.csproj", "{6C38F1CA-0DA3-40D6-92D7-3E9C375FBC0E}"
EndProject
Project("{FAE04EC0-301F-11D3-BF4B-00C04F79EFBC}") = "Inline Class_Refactoring13_After", "Inline Class_Refactoring13_After\Inline Class_Refactoring13_After.csproj", "{0A4321E4-DC33-4D34-ACEB-27331036AD06}"
EndProject
Global
	GlobalSection(SolutionConfigurationPlatforms) = preSolution
		Debug|Any CPU = Debug|Any CPU
		Release|Any CPU = Release|Any CPU
	EndGlobalSection
	GlobalSection(ProjectConfigurationPlatforms) = postSolution
		{6C38F1CA-0DA3-40D6-92D7-3E9C375FBC0E}.Debug|Any CPU.ActiveCfg = Debug|Any CPU
		{6C38F1CA-0DA3-40D6-92D7-3E9C375FBC0E}.Debug|Any CPU.Build.0 = Debug|Any CPU
		{6C38F1CA-0DA3-40D6-92D7-3E9C375FBC0E}.Release|Any CPU.ActiveCfg = Release|Any CPU
		{6C38F1CA-0DA3-40D6-92D7-3E9C375FBC0E}.Release|Any CPU.Build.0 = Release|Any CPU
		{0A4321E4-DC33-4D34-ACEB-27331036AD06}.Debug|Any CPU.ActiveCfg = Debug|Any CPU
		{0A4321E4-DC33-4D34-ACEB-27331036AD06}.Debug|Any CPU.Build.0 = Debug|Any CPU
		{0A4321E4-DC33-4D34-ACEB-27331036AD06}.Release|Any CPU.ActiveCfg = Release|Any CPU
		{0A4321E4-DC33-4D34-ACEB-27331036AD06}.Release|Any CPU.Build.0 = Release|Any CPU
	EndGlobalSection
	GlobalSection(SolutionProperties) = preSolution
		HideSolutionNode = FALSE
	EndGlobalSection
	GlobalSection(ExtensibilityGlobals) = postSolution
		SolutionGuid = {100843E9-0814-4BFA-AEC5-C66168477001}
	EndGlobalSection
EndGlobal
