
Microsoft Visual Studio Solution File, Format Version 12.00
# Visual Studio Version 17
VisualStudioVersion = 17.14.36414.22 d17.14
MinimumVisualStudioVersion = 10.0.40219.1
Project("{FAE04EC0-301F-11D3-BF4B-00C04F79EFBC}") = "Self Encapsulate Field_Refactoring18_Before", "Self Encapsulate Field_Refactoring18_Before\Self Encapsulate Field_Refactoring18_Before.csproj", "{4DD4420D-DBC0-41F3-8BC6-78EF1DFE317A}"
EndProject
Project("{FAE04EC0-301F-11D3-BF4B-00C04F79EFBC}") = "Self Encapsulate Field_Refactoring18_After", "Self Encapsulate Field_Refactoring18_After\Self Encapsulate Field_Refactoring18_After.csproj", "{AEAEF8C7-1040-4E33-881C-5206464818E3}"
EndProject
Global
	GlobalSection(SolutionConfigurationPlatforms) = preSolution
		Debug|Any CPU = Debug|Any CPU
		Release|Any CPU = Release|Any CPU
	EndGlobalSection
	GlobalSection(ProjectConfigurationPlatforms) = postSolution
		{4DD4420D-DBC0-41F3-8BC6-78EF1DFE317A}.Debug|Any CPU.ActiveCfg = Debug|Any CPU
		{4DD4420D-DBC0-41F3-8BC6-78EF1DFE317A}.Debug|Any CPU.Build.0 = Debug|Any CPU
		{4DD4420D-DBC0-41F3-8BC6-78EF1DFE317A}.Release|Any CPU.ActiveCfg = Release|Any CPU
		{4DD4420D-DBC0-41F3-8BC6-78EF1DFE317A}.Release|Any CPU.Build.0 = Release|Any CPU
		{AEAEF8C7-1040-4E33-881C-5206464818E3}.Debug|Any CPU.ActiveCfg = Debug|Any CPU
		{AEAEF8C7-1040-4E33-881C-5206464818E3}.Debug|Any CPU.Build.0 = Debug|Any CPU
		{AEAEF8C7-1040-4E33-881C-5206464818E3}.Release|Any CPU.ActiveCfg = Release|Any CPU
		{AEAEF8C7-1040-4E33-881C-5206464818E3}.Release|Any CPU.Build.0 = Release|Any CPU
	EndGlobalSection
	GlobalSection(SolutionProperties) = preSolution
		HideSolutionNode = FALSE
	EndGlobalSection
	GlobalSection(ExtensibilityGlobals) = postSolution
		SolutionGuid = {38A8AB1A-0AC3-4156-8140-04499E97BEC1}
	EndGlobalSection
EndGlobal
