
Microsoft Visual Studio Solution File, Format Version 12.00
# Visual Studio Version 17
VisualStudioVersion = 17.14.36414.22 d17.14
MinimumVisualStudioVersion = 10.0.40219.1
Project("{FAE04EC0-301F-11D3-BF4B-00C04F79EFBC}") = "RTC State_Strategy_Refactoring31_Before", "RTC State_Strategy_Refactoring31_Before\RTC State_Strategy_Refactoring31_Before.csproj", "{265874DE-D885-43C0-821E-62E81696CD83}"
EndProject
Project("{FAE04EC0-301F-11D3-BF4B-00C04F79EFBC}") = "RTC State_Strategy_Refactoring31_After", "RTC State_Strategy_Refactoring31_After\RTC State_Strategy_Refactoring31_After.csproj", "{4691E2E7-CD26-447C-8032-7B126DC4B4D7}"
EndProject
Global
	GlobalSection(SolutionConfigurationPlatforms) = preSolution
		Debug|Any CPU = Debug|Any CPU
		Release|Any CPU = Release|Any CPU
	EndGlobalSection
	GlobalSection(ProjectConfigurationPlatforms) = postSolution
		{265874DE-D885-43C0-821E-62E81696CD83}.Debug|Any CPU.ActiveCfg = Debug|Any CPU
		{265874DE-D885-43C0-821E-62E81696CD83}.Debug|Any CPU.Build.0 = Debug|Any CPU
		{265874DE-D885-43C0-821E-62E81696CD83}.Release|Any CPU.ActiveCfg = Release|Any CPU
		{265874DE-D885-43C0-821E-62E81696CD83}.Release|Any CPU.Build.0 = Release|Any CPU
		{4691E2E7-CD26-447C-8032-7B126DC4B4D7}.Debug|Any CPU.ActiveCfg = Debug|Any CPU
		{4691E2E7-CD26-447C-8032-7B126DC4B4D7}.Debug|Any CPU.Build.0 = Debug|Any CPU
		{4691E2E7-CD26-447C-8032-7B126DC4B4D7}.Release|Any CPU.ActiveCfg = Release|Any CPU
		{4691E2E7-CD26-447C-8032-7B126DC4B4D7}.Release|Any CPU.Build.0 = Release|Any CPU
	EndGlobalSection
	GlobalSection(SolutionProperties) = preSolution
		HideSolutionNode = FALSE
	EndGlobalSection
	GlobalSection(ExtensibilityGlobals) = postSolution
		SolutionGuid = {AD3ABE68-BF99-4FD3-9471-C6B0FAF5986B}
	EndGlobalSection
EndGlobal
