
Microsoft Visual Studio Solution File, Format Version 12.00
# Visual Studio Version 17
VisualStudioVersion = 17.14.36414.22 d17.14
MinimumVisualStudioVersion = 10.0.40219.1
Project("{FAE04EC0-301F-11D3-BF4B-00C04F79EFBC}") = "Remove Setting Method_Refactoring50_Before", "Remove Setting Method_Refactoring50_Before\Remove Setting Method_Refactoring50_Before.csproj", "{3E839190-889E-4CCE-84A5-C9462F53BDA4}"
EndProject
Project("{FAE04EC0-301F-11D3-BF4B-00C04F79EFBC}") = "Remove Setting Method_Refactoring50_After", "Remove Setting Method_Refactoring50_After\Remove Setting Method_Refactoring50_After.csproj", "{59B04DB5-4EA3-4593-B082-FF39C71829E8}"
EndProject
Global
	GlobalSection(SolutionConfigurationPlatforms) = preSolution
		Debug|Any CPU = Debug|Any CPU
		Release|Any CPU = Release|Any CPU
	EndGlobalSection
	GlobalSection(ProjectConfigurationPlatforms) = postSolution
		{3E839190-889E-4CCE-84A5-C9462F53BDA4}.Debug|Any CPU.ActiveCfg = Debug|Any CPU
		{3E839190-889E-4CCE-84A5-C9462F53BDA4}.Debug|Any CPU.Build.0 = Debug|Any CPU
		{3E839190-889E-4CCE-84A5-C9462F53BDA4}.Release|Any CPU.ActiveCfg = Release|Any CPU
		{3E839190-889E-4CCE-84A5-C9462F53BDA4}.Release|Any CPU.Build.0 = Release|Any CPU
		{59B04DB5-4EA3-4593-B082-FF39C71829E8}.Debug|Any CPU.ActiveCfg = Debug|Any CPU
		{59B04DB5-4EA3-4593-B082-FF39C71829E8}.Debug|Any CPU.Build.0 = Debug|Any CPU
		{59B04DB5-4EA3-4593-B082-FF39C71829E8}.Release|Any CPU.ActiveCfg = Release|Any CPU
		{59B04DB5-4EA3-4593-B082-FF39C71829E8}.Release|Any CPU.Build.0 = Release|Any CPU
	EndGlobalSection
	GlobalSection(SolutionProperties) = preSolution
		HideSolutionNode = FALSE
	EndGlobalSection
	GlobalSection(ExtensibilityGlobals) = postSolution
		SolutionGuid = {08CD6ACA-9B1D-4D34-A558-CCCCAA4A1432}
	EndGlobalSection
EndGlobal
