
Microsoft Visual Studio Solution File, Format Version 12.00
# Visual Studio Version 17
VisualStudioVersion = 17.14.36414.22 d17.14
MinimumVisualStudioVersion = 10.0.40219.1
Project("{FAE04EC0-301F-11D3-BF4B-00C04F79EFBC}") = "ReMethod_MethodObject_Refactoring08_Before", "ReMethod_MethodObject_Refactoring08_Before\ReMethod_MethodObject_Refactoring08_Before.csproj", "{D716B67A-EF94-4679-9135-886569906D43}"
EndProject
Project("{FAE04EC0-301F-11D3-BF4B-00C04F79EFBC}") = "ReMethod_MethodObject_Refactoring08_After", "ReMethod_MethodObject_Refactoring08_After\ReMethod_MethodObject_Refactoring08_After.csproj", "{FE972BBE-98D7-473D-B9C4-BDA5B5E3E2AF}"
EndProject
Global
	GlobalSection(SolutionConfigurationPlatforms) = preSolution
		Debug|Any CPU = Debug|Any CPU
		Release|Any CPU = Release|Any CPU
	EndGlobalSection
	GlobalSection(ProjectConfigurationPlatforms) = postSolution
		{D716B67A-EF94-4679-9135-886569906D43}.Debug|Any CPU.ActiveCfg = Debug|Any CPU
		{D716B67A-EF94-4679-9135-886569906D43}.Debug|Any CPU.Build.0 = Debug|Any CPU
		{D716B67A-EF94-4679-9135-886569906D43}.Release|Any CPU.ActiveCfg = Release|Any CPU
		{D716B67A-EF94-4679-9135-886569906D43}.Release|Any CPU.Build.0 = Release|Any CPU
		{FE972BBE-98D7-473D-B9C4-BDA5B5E3E2AF}.Debug|Any CPU.ActiveCfg = Debug|Any CPU
		{FE972BBE-98D7-473D-B9C4-BDA5B5E3E2AF}.Debug|Any CPU.Build.0 = Debug|Any CPU
		{FE972BBE-98D7-473D-B9C4-BDA5B5E3E2AF}.Release|Any CPU.ActiveCfg = Release|Any CPU
		{FE972BBE-98D7-473D-B9C4-BDA5B5E3E2AF}.Release|Any CPU.Build.0 = Release|Any CPU
	EndGlobalSection
	GlobalSection(SolutionProperties) = preSolution
		HideSolutionNode = FALSE
	EndGlobalSection
	GlobalSection(ExtensibilityGlobals) = postSolution
		SolutionGuid = {522A1862-F21B-421A-922A-B95BB7678F93}
	EndGlobalSection
EndGlobal
