
Microsoft Visual Studio Solution File, Format Version 12.00
# Visual Studio Version 17
VisualStudioVersion = 17.14.36414.22 d17.14
MinimumVisualStudioVersion = 10.0.40219.1
Project("{FAE04EC0-301F-11D3-BF4B-00C04F79EFBC}") = "ReplaceArray with Object_Refactoring22_Before", "ReplaceArray with Object_Refactoring22_Before\ReplaceArray with Object_Refactoring22_Before.csproj", "{23006DF5-C8C9-4042-8F72-A64BF5DC9AA2}"
EndProject
Project("{FAE04EC0-301F-11D3-BF4B-00C04F79EFBC}") = "ReplaceArray with Object_Refactoring22_After", "ReplaceArray with Object_Refactoring22_After\ReplaceArray with Object_Refactoring22_After.csproj", "{595B342E-A45E-454D-8218-390984E96690}"
EndProject
Global
	GlobalSection(SolutionConfigurationPlatforms) = preSolution
		Debug|Any CPU = Debug|Any CPU
		Release|Any CPU = Release|Any CPU
	EndGlobalSection
	GlobalSection(ProjectConfigurationPlatforms) = postSolution
		{23006DF5-C8C9-4042-8F72-A64BF5DC9AA2}.Debug|Any CPU.ActiveCfg = Debug|Any CPU
		{23006DF5-C8C9-4042-8F72-A64BF5DC9AA2}.Debug|Any CPU.Build.0 = Debug|Any CPU
		{23006DF5-C8C9-4042-8F72-A64BF5DC9AA2}.Release|Any CPU.ActiveCfg = Release|Any CPU
		{23006DF5-C8C9-4042-8F72-A64BF5DC9AA2}.Release|Any CPU.Build.0 = Release|Any CPU
		{595B342E-A45E-454D-8218-390984E96690}.Debug|Any CPU.ActiveCfg = Debug|Any CPU
		{595B342E-A45E-454D-8218-390984E96690}.Debug|Any CPU.Build.0 = Debug|Any CPU
		{595B342E-A45E-454D-8218-390984E96690}.Release|Any CPU.ActiveCfg = Release|Any CPU
		{595B342E-A45E-454D-8218-390984E96690}.Release|Any CPU.Build.0 = Release|Any CPU
	EndGlobalSection
	GlobalSection(SolutionProperties) = preSolution
		HideSolutionNode = FALSE
	EndGlobalSection
	GlobalSection(ExtensibilityGlobals) = postSolution
		SolutionGuid = {5D8751C6-FC26-491D-A606-BA829C4EF7B8}
	EndGlobalSection
EndGlobal
