
Microsoft Visual Studio Solution File, Format Version 12.00
# Visual Studio Version 17
VisualStudioVersion = 17.14.36414.22 d17.14
MinimumVisualStudioVersion = 10.0.40219.1
Project("{FAE04EC0-301F-11D3-BF4B-00C04F79EFBC}") = "Split_Temporary_Variable_Refactoring06_Before", "Split_Temporary_Variable_Refactoring06_Before\Split_Temporary_Variable_Refactoring06_Before.csproj", "{FD6D7246-9731-4799-8365-2F6EC26D5DBB}"
EndProject
Project("{FAE04EC0-301F-11D3-BF4B-00C04F79EFBC}") = "Split_Temporary_Variable_Refactoring06_After", "Split_Temporary_Variable_Refactoring06_After\Split_Temporary_Variable_Refactoring06_After.csproj", "{C34B45B7-68FA-43F3-8B2E-08893A1EFA82}"
EndProject
Global
	GlobalSection(SolutionConfigurationPlatforms) = preSolution
		Debug|Any CPU = Debug|Any CPU
		Release|Any CPU = Release|Any CPU
	EndGlobalSection
	GlobalSection(ProjectConfigurationPlatforms) = postSolution
		{FD6D7246-9731-4799-8365-2F6EC26D5DBB}.Debug|Any CPU.ActiveCfg = Debug|Any CPU
		{FD6D7246-9731-4799-8365-2F6EC26D5DBB}.Debug|Any CPU.Build.0 = Debug|Any CPU
		{FD6D7246-9731-4799-8365-2F6EC26D5DBB}.Release|Any CPU.ActiveCfg = Release|Any CPU
		{FD6D7246-9731-4799-8365-2F6EC26D5DBB}.Release|Any CPU.Build.0 = Release|Any CPU
		{C34B45B7-68FA-43F3-8B2E-08893A1EFA82}.Debug|Any CPU.ActiveCfg = Debug|Any CPU
		{C34B45B7-68FA-43F3-8B2E-08893A1EFA82}.Debug|Any CPU.Build.0 = Debug|Any CPU
		{C34B45B7-68FA-43F3-8B2E-08893A1EFA82}.Release|Any CPU.ActiveCfg = Release|Any CPU
		{C34B45B7-68FA-43F3-8B2E-08893A1EFA82}.Release|Any CPU.Build.0 = Release|Any CPU
	EndGlobalSection
	GlobalSection(SolutionProperties) = preSolution
		HideSolutionNode = FALSE
	EndGlobalSection
	GlobalSection(ExtensibilityGlobals) = postSolution
		SolutionGuid = {B9E61BE7-7D61-4269-B8A2-879BD92A15A4}
	EndGlobalSection
EndGlobal
