
Microsoft Visual Studio Solution File, Format Version 12.00
# Visual Studio Version 17
VisualStudioVersion = 17.14.36414.22 d17.14
MinimumVisualStudioVersion = 10.0.40219.1
Project("{FAE04EC0-301F-11D3-BF4B-00C04F79EFBC}") = "SQ from Modifier_Refactoring44_Before", "SQ from Modifier_Refactoring44_Before\SQ from Modifier_Refactoring44_Before.csproj", "{F8C125B4-A0F0-49D8-8DCF-6A2457214720}"
EndProject
Project("{FAE04EC0-301F-11D3-BF4B-00C04F79EFBC}") = "SQ from Modifier_Refactoring44_After", "SQ from Modifier_Refactoring44_After\SQ from Modifier_Refactoring44_After.csproj", "{C221DC8B-A31E-4076-8A60-CFCF9B8ECEBB}"
EndProject
Global
	GlobalSection(SolutionConfigurationPlatforms) = preSolution
		Debug|Any CPU = Debug|Any CPU
		Release|Any CPU = Release|Any CPU
	EndGlobalSection
	GlobalSection(ProjectConfigurationPlatforms) = postSolution
		{F8C125B4-A0F0-49D8-8DCF-6A2457214720}.Debug|Any CPU.ActiveCfg = Debug|Any CPU
		{F8C125B4-A0F0-49D8-8DCF-6A2457214720}.Debug|Any CPU.Build.0 = Debug|Any CPU
		{F8C125B4-A0F0-49D8-8DCF-6A2457214720}.Release|Any CPU.ActiveCfg = Release|Any CPU
		{F8C125B4-A0F0-49D8-8DCF-6A2457214720}.Release|Any CPU.Build.0 = Release|Any CPU
		{C221DC8B-A31E-4076-8A60-CFCF9B8ECEBB}.Debug|Any CPU.ActiveCfg = Debug|Any CPU
		{C221DC8B-A31E-4076-8A60-CFCF9B8ECEBB}.Debug|Any CPU.Build.0 = Debug|Any CPU
		{C221DC8B-A31E-4076-8A60-CFCF9B8ECEBB}.Release|Any CPU.ActiveCfg = Release|Any CPU
		{C221DC8B-A31E-4076-8A60-CFCF9B8ECEBB}.Release|Any CPU.Build.0 = Release|Any CPU
	EndGlobalSection
	GlobalSection(SolutionProperties) = preSolution
		HideSolutionNode = FALSE
	EndGlobalSection
	GlobalSection(ExtensibilityGlobals) = postSolution
		SolutionGuid = {A1AEC131-082B-4FBC-B9E2-9F899D9AFD62}
	EndGlobalSection
EndGlobal
