
Microsoft Visual Studio Solution File, Format Version 12.00
# Visual Studio Version 17
VisualStudioVersion = 17.14.36414.22 d17.14
MinimumVisualStudioVersion = 10.0.40219.1
Project("{FAE04EC0-301F-11D3-BF4B-00C04F79EFBC}") = "RP with MC_Refactoring48_Before", "RP with MC_Refactoring48_Before\RP with MC_Refactoring48_Before.csproj", "{CFA47673-7A39-456B-BB2C-E850E3552D50}"
EndProject
Project("{FAE04EC0-301F-11D3-BF4B-00C04F79EFBC}") = "RP with MC_Refactoring48_After", "RP with MC_Refactoring48_After\RP with MC_Refactoring48_After.csproj", "{DDE9DF67-0EFF-4965-A566-C6AC66B316C5}"
EndProject
Global
	GlobalSection(SolutionConfigurationPlatforms) = preSolution
		Debug|Any CPU = Debug|Any CPU
		Release|Any CPU = Release|Any CPU
	EndGlobalSection
	GlobalSection(ProjectConfigurationPlatforms) = postSolution
		{CFA47673-7A39-456B-BB2C-E850E3552D50}.Debug|Any CPU.ActiveCfg = Debug|Any CPU
		{CFA47673-7A39-456B-BB2C-E850E3552D50}.Debug|Any CPU.Build.0 = Debug|Any CPU
		{CFA47673-7A39-456B-BB2C-E850E3552D50}.Release|Any CPU.ActiveCfg = Release|Any CPU
		{CFA47673-7A39-456B-BB2C-E850E3552D50}.Release|Any CPU.Build.0 = Release|Any CPU
		{DDE9DF67-0EFF-4965-A566-C6AC66B316C5}.Debug|Any CPU.ActiveCfg = Debug|Any CPU
		{DDE9DF67-0EFF-4965-A566-C6AC66B316C5}.Debug|Any CPU.Build.0 = Debug|Any CPU
		{DDE9DF67-0EFF-4965-A566-C6AC66B316C5}.Release|Any CPU.ActiveCfg = Release|Any CPU
		{DDE9DF67-0EFF-4965-A566-C6AC66B316C5}.Release|Any CPU.Build.0 = Release|Any CPU
	EndGlobalSection
	GlobalSection(SolutionProperties) = preSolution
		HideSolutionNode = FALSE
	EndGlobalSection
	GlobalSection(ExtensibilityGlobals) = postSolution
		SolutionGuid = {CC7E3103-FE8A-4207-A35F-F9FF14EC882C}
	EndGlobalSection
EndGlobal
