
Microsoft Visual Studio Solution File, Format Version 12.00
# Visual Studio Version 17
VisualStudioVersion = 17.14.36414.22 d17.14
MinimumVisualStudioVersion = 10.0.40219.1
Project("{FAE04EC0-301F-11D3-BF4B-00C04F79EFBC}") = "RemoveAssign2Para_Refactoring07_Before", "RemoveAssign2Para_Refactoring07_Before\RemoveAssign2Para_Refactoring07_Before.csproj", "{33DBB114-8BDE-4766-B50A-AE9B01779F8D}"
EndProject
Project("{FAE04EC0-301F-11D3-BF4B-00C04F79EFBC}") = "RemoveAssign2Para_Refactoring07_After", "RemoveAssign2Para_Refactoring07_After\RemoveAssign2Para_Refactoring07_After.csproj", "{5733A25E-4266-4028-9BF2-4C81E6E7A139}"
EndProject
Global
	GlobalSection(SolutionConfigurationPlatforms) = preSolution
		Debug|Any CPU = Debug|Any CPU
		Release|Any CPU = Release|Any CPU
	EndGlobalSection
	GlobalSection(ProjectConfigurationPlatforms) = postSolution
		{33DBB114-8BDE-4766-B50A-AE9B01779F8D}.Debug|Any CPU.ActiveCfg = Debug|Any CPU
		{33DBB114-8BDE-4766-B50A-AE9B01779F8D}.Debug|Any CPU.Build.0 = Debug|Any CPU
		{33DBB114-8BDE-4766-B50A-AE9B01779F8D}.Release|Any CPU.ActiveCfg = Release|Any CPU
		{33DBB114-8BDE-4766-B50A-AE9B01779F8D}.Release|Any CPU.Build.0 = Release|Any CPU
		{5733A25E-4266-4028-9BF2-4C81E6E7A139}.Debug|Any CPU.ActiveCfg = Debug|Any CPU
		{5733A25E-4266-4028-9BF2-4C81E6E7A139}.Debug|Any CPU.Build.0 = Debug|Any CPU
		{5733A25E-4266-4028-9BF2-4C81E6E7A139}.Release|Any CPU.ActiveCfg = Release|Any CPU
		{5733A25E-4266-4028-9BF2-4C81E6E7A139}.Release|Any CPU.Build.0 = Release|Any CPU
	EndGlobalSection
	GlobalSection(SolutionProperties) = preSolution
		HideSolutionNode = FALSE
	EndGlobalSection
	GlobalSection(ExtensibilityGlobals) = postSolution
		SolutionGuid = {1D9442DC-0A5F-4BD0-9FA8-5A88B2543B4E}
	EndGlobalSection
EndGlobal
