
Microsoft Visual Studio Solution File, Format Version 12.00
# Visual Studio Version 17
VisualStudioVersion = 17.14.36414.22 d17.14
MinimumVisualStudioVersion = 10.0.40219.1
Project("{FAE04EC0-301F-11D3-BF4B-00C04F79EFBC}") = "Move Field_Refactoring11_Before", "Move Field_Refactoring11_Before\Move Field_Refactoring11_Before.csproj", "{07264E80-67B7-4F91-A6CF-4AE442F5B457}"
EndProject
Project("{FAE04EC0-301F-11D3-BF4B-00C04F79EFBC}") = "Move Field_Refactoring11_After", "Move Field_Refactoring11_After\Move Field_Refactoring11_After.csproj", "{9C52E689-31E8-44D9-B791-6A80CB2F282B}"
EndProject
Global
	GlobalSection(SolutionConfigurationPlatforms) = preSolution
		Debug|Any CPU = Debug|Any CPU
		Release|Any CPU = Release|Any CPU
	EndGlobalSection
	GlobalSection(ProjectConfigurationPlatforms) = postSolution
		{07264E80-67B7-4F91-A6CF-4AE442F5B457}.Debug|Any CPU.ActiveCfg = Debug|Any CPU
		{07264E80-67B7-4F91-A6CF-4AE442F5B457}.Debug|Any CPU.Build.0 = Debug|Any CPU
		{07264E80-67B7-4F91-A6CF-4AE442F5B457}.Release|Any CPU.ActiveCfg = Release|Any CPU
		{07264E80-67B7-4F91-A6CF-4AE442F5B457}.Release|Any CPU.Build.0 = Release|Any CPU
		{9C52E689-31E8-44D9-B791-6A80CB2F282B}.Debug|Any CPU.ActiveCfg = Debug|Any CPU
		{9C52E689-31E8-44D9-B791-6A80CB2F282B}.Debug|Any CPU.Build.0 = Debug|Any CPU
		{9C52E689-31E8-44D9-B791-6A80CB2F282B}.Release|Any CPU.ActiveCfg = Release|Any CPU
		{9C52E689-31E8-44D9-B791-6A80CB2F282B}.Release|Any CPU.Build.0 = Release|Any CPU
	EndGlobalSection
	GlobalSection(SolutionProperties) = preSolution
		HideSolutionNode = FALSE
	EndGlobalSection
	GlobalSection(ExtensibilityGlobals) = postSolution
		SolutionGuid = {C281B5C6-0D46-44DF-92DE-D22CCC3F50A7}
	EndGlobalSection
EndGlobal
