
Microsoft Visual Studio Solution File, Format Version 12.00
# Visual Studio Version 17
VisualStudioVersion = 17.14.36414.22 d17.14
MinimumVisualStudioVersion = 10.0.40219.1
Project("{FAE04EC0-301F-11D3-BF4B-00C04F79EFBC}") = "Pull Up CB_Refactoring57_Before", "Pull Up CB_Refactoring57_Before\Pull Up CB_Refactoring57_Before.csproj", "{BF062A91-8152-45AC-BCEC-BD42C8770739}"
EndProject
Project("{FAE04EC0-301F-11D3-BF4B-00C04F79EFBC}") = "Pull Up CB_Refactoring57_After", "Pull Up CB_Refactoring57_After\Pull Up CB_Refactoring57_After.csproj", "{2144B9A9-1D54-427D-A07F-8DADC4DAE4C4}"
EndProject
Global
	GlobalSection(SolutionConfigurationPlatforms) = preSolution
		Debug|Any CPU = Debug|Any CPU
		Release|Any CPU = Release|Any CPU
	EndGlobalSection
	GlobalSection(ProjectConfigurationPlatforms) = postSolution
		{BF062A91-8152-45AC-BCEC-BD42C8770739}.Debug|Any CPU.ActiveCfg = Debug|Any CPU
		{BF062A91-8152-45AC-BCEC-BD42C8770739}.Debug|Any CPU.Build.0 = Debug|Any CPU
		{BF062A91-8152-45AC-BCEC-BD42C8770739}.Release|Any CPU.ActiveCfg = Release|Any CPU
		{BF062A91-8152-45AC-BCEC-BD42C8770739}.Release|Any CPU.Build.0 = Release|Any CPU
		{2144B9A9-1D54-427D-A07F-8DADC4DAE4C4}.Debug|Any CPU.ActiveCfg = Debug|Any CPU
		{2144B9A9-1D54-427D-A07F-8DADC4DAE4C4}.Debug|Any CPU.Build.0 = Debug|Any CPU
		{2144B9A9-1D54-427D-A07F-8DADC4DAE4C4}.Release|Any CPU.ActiveCfg = Release|Any CPU
		{2144B9A9-1D54-427D-A07F-8DADC4DAE4C4}.Release|Any CPU.Build.0 = Release|Any CPU
	EndGlobalSection
	GlobalSection(SolutionProperties) = preSolution
		HideSolutionNode = FALSE
	EndGlobalSection
	GlobalSection(ExtensibilityGlobals) = postSolution
		SolutionGuid = {C472D165-EE02-41F8-92F0-494A1416C93D}
	EndGlobalSection
EndGlobal
