
Microsoft Visual Studio Solution File, Format Version 12.00
# Visual Studio Version 17
VisualStudioVersion = 17.14.36414.22 d17.14
MinimumVisualStudioVersion = 10.0.40219.1
Project("{FAE04EC0-301F-11D3-BF4B-00C04F79EFBC}") = "Push Down Method_Refactoring58_Before", "Push Down Method_Refactoring58_Before\Push Down Method_Refactoring58_Before.csproj", "{DF52A522-990A-4542-940A-1FBC1F0C363C}"
EndProject
Project("{FAE04EC0-301F-11D3-BF4B-00C04F79EFBC}") = "Push Down Method_Refactoring58_After", "Push Down Method_Refactoring58_After\Push Down Method_Refactoring58_After.csproj", "{D83AE207-E549-47B2-AB8E-13F9FFE5430A}"
EndProject
Global
	GlobalSection(SolutionConfigurationPlatforms) = preSolution
		Debug|Any CPU = Debug|Any CPU
		Release|Any CPU = Release|Any CPU
	EndGlobalSection
	GlobalSection(ProjectConfigurationPlatforms) = postSolution
		{DF52A522-990A-4542-940A-1FBC1F0C363C}.Debug|Any CPU.ActiveCfg = Debug|Any CPU
		{DF52A522-990A-4542-940A-1FBC1F0C363C}.Debug|Any CPU.Build.0 = Debug|Any CPU
		{DF52A522-990A-4542-940A-1FBC1F0C363C}.Release|Any CPU.ActiveCfg = Release|Any CPU
		{DF52A522-990A-4542-940A-1FBC1F0C363C}.Release|Any CPU.Build.0 = Release|Any CPU
		{D83AE207-E549-47B2-AB8E-13F9FFE5430A}.Debug|Any CPU.ActiveCfg = Debug|Any CPU
		{D83AE207-E549-47B2-AB8E-13F9FFE5430A}.Debug|Any CPU.Build.0 = Debug|Any CPU
		{D83AE207-E549-47B2-AB8E-13F9FFE5430A}.Release|Any CPU.ActiveCfg = Release|Any CPU
		{D83AE207-E549-47B2-AB8E-13F9FFE5430A}.Release|Any CPU.Build.0 = Release|Any CPU
	EndGlobalSection
	GlobalSection(SolutionProperties) = preSolution
		HideSolutionNode = FALSE
	EndGlobalSection
	GlobalSection(ExtensibilityGlobals) = postSolution
		SolutionGuid = {C11B56A4-DF94-4655-B717-1DA8F8B248DA}
	EndGlobalSection
EndGlobal
