
Microsoft Visual Studio Solution File, Format Version 12.00
# Visual Studio Version 17
VisualStudioVersion = 17.14.36414.22 d17.14
MinimumVisualStudioVersion = 10.0.40219.1
Project("{FAE04EC0-301F-11D3-BF4B-00C04F79EFBC}") = "CBA to Unidirectional_Refactoring25_Before", "CBA to Unidirectional_Refactoring25_Before\CBA to Unidirectional_Refactoring25_Before.csproj", "{06DE5D21-2A72-4D51-805B-E65979E2EBEA}"
EndProject
Project("{FAE04EC0-301F-11D3-BF4B-00C04F79EFBC}") = "CBA to Unidirectional_Refactoring25_After", "CBA to Unidirectional_Refactoring25_After\CBA to Unidirectional_Refactoring25_After.csproj", "{AE812E30-1974-401F-A807-AC55E83EF1A1}"
EndProject
Global
	GlobalSection(SolutionConfigurationPlatforms) = preSolution
		Debug|Any CPU = Debug|Any CPU
		Release|Any CPU = Release|Any CPU
	EndGlobalSection
	GlobalSection(ProjectConfigurationPlatforms) = postSolution
		{06DE5D21-2A72-4D51-805B-E65979E2EBEA}.Debug|Any CPU.ActiveCfg = Debug|Any CPU
		{06DE5D21-2A72-4D51-805B-E65979E2EBEA}.Debug|Any CPU.Build.0 = Debug|Any CPU
		{06DE5D21-2A72-4D51-805B-E65979E2EBEA}.Release|Any CPU.ActiveCfg = Release|Any CPU
		{06DE5D21-2A72-4D51-805B-E65979E2EBEA}.Release|Any CPU.Build.0 = Release|Any CPU
		{AE812E30-1974-401F-A807-AC55E83EF1A1}.Debug|Any CPU.ActiveCfg = Debug|Any CPU
		{AE812E30-1974-401F-A807-AC55E83EF1A1}.Debug|Any CPU.Build.0 = Debug|Any CPU
		{AE812E30-1974-401F-A807-AC55E83EF1A1}.Release|Any CPU.ActiveCfg = Release|Any CPU
		{AE812E30-1974-401F-A807-AC55E83EF1A1}.Release|Any CPU.Build.0 = Release|Any CPU
	EndGlobalSection
	GlobalSection(SolutionProperties) = preSolution
		HideSolutionNode = FALSE
	EndGlobalSection
	GlobalSection(ExtensibilityGlobals) = postSolution
		SolutionGuid = {EE5F0F83-4171-46F7-9C2F-C6E547A08C30}
	EndGlobalSection
EndGlobal
