
Microsoft Visual Studio Solution File, Format Version 12.00
# Visual Studio Version 17
VisualStudioVersion = 17.14.36414.22 d17.14
MinimumVisualStudioVersion = 10.0.40219.1
Project("{FAE04EC0-301F-11D3-BF4B-00C04F79EFBC}") = "Substitute Algorithm_Refactoring09_Before", "Substitute Algorithm_Refactoring09_Before\Substitute Algorithm_Refactoring09_Before.csproj", "{821547CA-C584-42FC-B3D5-15F969D01B93}"
EndProject
Project("{FAE04EC0-301F-11D3-BF4B-00C04F79EFBC}") = "Substitute Algorithm_Refactoring09_After", "Substitute Algorithm_Refactoring09_After\Substitute Algorithm_Refactoring09_After.csproj", "{5FFF61DA-1FC4-4171-A28E-4B3B641811E9}"
EndProject
Global
	GlobalSection(SolutionConfigurationPlatforms) = preSolution
		Debug|Any CPU = Debug|Any CPU
		Release|Any CPU = Release|Any CPU
	EndGlobalSection
	GlobalSection(ProjectConfigurationPlatforms) = postSolution
		{821547CA-C584-42FC-B3D5-15F969D01B93}.Debug|Any CPU.ActiveCfg = Debug|Any CPU
		{821547CA-C584-42FC-B3D5-15F969D01B93}.Debug|Any CPU.Build.0 = Debug|Any CPU
		{821547CA-C584-42FC-B3D5-15F969D01B93}.Release|Any CPU.ActiveCfg = Release|Any CPU
		{821547CA-C584-42FC-B3D5-15F969D01B93}.Release|Any CPU.Build.0 = Release|Any CPU
		{5FFF61DA-1FC4-4171-A28E-4B3B641811E9}.Debug|Any CPU.ActiveCfg = Debug|Any CPU
		{5FFF61DA-1FC4-4171-A28E-4B3B641811E9}.Debug|Any CPU.Build.0 = Debug|Any CPU
		{5FFF61DA-1FC4-4171-A28E-4B3B641811E9}.Release|Any CPU.ActiveCfg = Release|Any CPU
		{5FFF61DA-1FC4-4171-A28E-4B3B641811E9}.Release|Any CPU.Build.0 = Release|Any CPU
	EndGlobalSection
	GlobalSection(SolutionProperties) = preSolution
		HideSolutionNode = FALSE
	EndGlobalSection
	GlobalSection(ExtensibilityGlobals) = postSolution
		SolutionGuid = {1E871521-F13A-4989-A764-E81C8B8EB5CC}
	EndGlobalSection
EndGlobal
